
Microsoft Visual Studio Solution File, Format Version 12.00
# Visual Studio Version 17
VisualStudioVersion = 17.11.35208.52
MinimumVisualStudioVersion = 10.0.40219.1
Project("{FAE04EC0-301F-11D3-BF4B-00C04F79EFBC}") = "01 Aufgabe", "01 Aufgabe\01 Aufgabe.csproj", "{2951F59C-B4BE-4B5B-9F4B-4B1B1CEFF46F}"
EndProject
Project("{FAE04EC0-301F-11D3-BF4B-00C04F79EFBC}") = "02 Aufgabe", "02 Aufgabe\02 Aufgabe.csproj", "{71EE9AB5-9602-4FD8-BB27-1097D1941FDA}"
EndProject
Project("{FAE04EC0-301F-11D3-BF4B-00C04F79EFBC}") = "03 Aufgabe", "03 Aufgabe\03 Aufgabe.csproj", "{819B8414-4C51-4DE9-8A75-AC96A1CA97E3}"
EndProject
Project("{FAE04EC0-301F-11D3-BF4B-00C04F79EFBC}") = "04 Aufgabe", "04 Aufgabe\04 Aufgabe.csproj", "{849E1013-103C-47AE-910A-9BAEEAEB5648}"
EndProject
Project("{FAE04EC0-301F-11D3-BF4B-00C04F79EFBC}") = "05 Aufgabe", "05 Aufgabe\05 Aufgabe.csproj", "{C31C7A1A-CC93-4F2C-B204-8CEDD75181F8}"
EndProject
Project("{FAE04EC0-301F-11D3-BF4B-00C04F79EFBC}") = "06 Aufgabe", "06 Aufgabe\06 Aufgabe.csproj", "{68051B9A-DF43-4C68-B190-7E0A1FCDB4BD}"
EndProject
Project("{FAE04EC0-301F-11D3-BF4B-00C04F79EFBC}") = "07 Aufgabe", "07 Aufgabe\07 Aufgabe.csproj", "{BCB2D166-8626-414C-B445-0666E805DE26}"
EndProject
Project("{FAE04EC0-301F-11D3-BF4B-00C04F79EFBC}") = "08 Aufgabe", "08 Aufgabe\08 Aufgabe.csproj", "{F645AFF7-5BC7-4FE5-8209-094372DF7DFE}"
EndProject
Project("{FAE04EC0-301F-11D3-BF4B-00C04F79EFBC}") = "09 Aufgabe", "09 Aufgabe\09 Aufgabe.csproj", "{A5B19846-BD0A-4A81-A51E-008152DD7063}"
EndProject
Project("{FAE04EC0-301F-11D3-BF4B-00C04F79EFBC}") = "10 Aufgabe", "10 Aufgabe\10 Aufgabe.csproj", "{EA89872C-1D62-40FA-A971-C0DF8D76C5B0}"
EndProject
Project("{FAE04EC0-301F-11D3-BF4B-00C04F79EFBC}") = "11 Aufgabe", "11 Aufgabe\11 Aufgabe.csproj", "{218A0CB2-ED56-409C-BA06-DC001BF8149C}"
EndProject
Project("{FAE04EC0-301F-11D3-BF4B-00C04F79EFBC}") = "12 Aufgabe", "12 Aufgabe\12 Aufgabe.csproj", "{E13F930C-E6FA-45F4-9332-369A9DFF45A7}"
EndProject
Project("{FAE04EC0-301F-11D3-BF4B-00C04F79EFBC}") = "13 Aufgabe", "13 Aufgabe\13 Aufgabe.csproj", "{8DDBB9E2-9191-4524-9715-0A799C75F9A8}"
EndProject
Global
	GlobalSection(SolutionConfigurationPlatforms) = preSolution
		Debug|Any CPU = Debug|Any CPU
		Release|Any CPU = Release|Any CPU
	EndGlobalSection
	GlobalSection(ProjectConfigurationPlatforms) = postSolution
		{2951F59C-B4BE-4B5B-9F4B-4B1B1CEFF46F}.Debug|Any CPU.ActiveCfg = Debug|Any CPU
		{2951F59C-B4BE-4B5B-9F4B-4B1B1CEFF46F}.Debug|Any CPU.Build.0 = Debug|Any CPU
		{2951F59C-B4BE-4B5B-9F4B-4B1B1CEFF46F}.Release|Any CPU.ActiveCfg = Release|Any CPU
		{2951F59C-B4BE-4B5B-9F4B-4B1B1CEFF46F}.Release|Any CPU.Build.0 = Release|Any CPU
		{71EE9AB5-9602-4FD8-BB27-1097D1941FDA}.Debug|Any CPU.ActiveCfg = Debug|Any CPU
		{71EE9AB5-9602-4FD8-BB27-1097D1941FDA}.Debug|Any CPU.Build.0 = Debug|Any CPU
		{71EE9AB5-9602-4FD8-BB27-1097D1941FDA}.Release|Any CPU.ActiveCfg = Release|Any CPU
		{71EE9AB5-9602-4FD8-BB27-1097D1941FDA}.Release|Any CPU.Build.0 = Release|Any CPU
		{819B8414-4C51-4DE9-8A75-AC96A1CA97E3}.Debug|Any CPU.ActiveCfg = Debug|Any CPU
		{819B8414-4C51-4DE9-8A75-AC96A1CA97E3}.Debug|Any CPU.Build.0 = Debug|Any CPU
		{819B8414-4C51-4DE9-8A75-AC96A1CA97E3}.Release|Any CPU.ActiveCfg = Release|Any CPU
		{819B8414-4C51-4DE9-8A75-AC96A1CA97E3}.Release|Any CPU.Build.0 = Release|Any CPU
		{849E1013-103C-47AE-910A-9BAEEAEB5648}.Debug|Any CPU.ActiveCfg = Debug|Any CPU
		{849E1013-103C-47AE-910A-9BAEEAEB5648}.Debug|Any CPU.Build.0 = Debug|Any CPU
		{849E1013-103C-47AE-910A-9BAEEAEB5648}.Release|Any CPU.ActiveCfg = Release|Any CPU
		{849E1013-103C-47AE-910A-9BAEEAEB5648}.Release|Any CPU.Build.0 = Release|Any CPU
		{C31C7A1A-CC93-4F2C-B204-8CEDD75181F8}.Debug|Any CPU.ActiveCfg = Debug|Any CPU
		{C31C7A1A-CC93-4F2C-B204-8CEDD75181F8}.Debug|Any CPU.Build.0 = Debug|Any CPU
		{C31C7A1A-CC93-4F2C-B204-8CEDD75181F8}.Release|Any CPU.ActiveCfg = Release|Any CPU
		{C31C7A1A-CC93-4F2C-B204-8CEDD75181F8}.Release|Any CPU.Build.0 = Release|Any CPU
		{68051B9A-DF43-4C68-B190-7E0A1FCDB4BD}.Debug|Any CPU.ActiveCfg = Debug|Any CPU
		{68051B9A-DF43-4C68-B190-7E0A1FCDB4BD}.Debug|Any CPU.Build.0 = Debug|Any CPU
		{68051B9A-DF43-4C68-B190-7E0A1FCDB4BD}.Release|Any CPU.ActiveCfg = Release|Any CPU
		{68051B9A-DF43-4C68-B190-7E0A1FCDB4BD}.Release|Any CPU.Build.0 = Release|Any CPU
		{BCB2D166-8626-414C-B445-0666E805DE26}.Debug|Any CPU.ActiveCfg = Debug|Any CPU
		{BCB2D166-8626-414C-B445-0666E805DE26}.Debug|Any CPU.Build.0 = Debug|Any CPU
		{BCB2D166-8626-414C-B445-0666E805DE26}.Release|Any CPU.ActiveCfg = Release|Any CPU
		{BCB2D166-8626-414C-B445-0666E805DE26}.Release|Any CPU.Build.0 = Release|Any CPU
		{F645AFF7-5BC7-4FE5-8209-094372DF7DFE}.Debug|Any CPU.ActiveCfg = Debug|Any CPU
		{F645AFF7-5BC7-4FE5-8209-094372DF7DFE}.Debug|Any CPU.Build.0 = Debug|Any CPU
		{F645AFF7-5BC7-4FE5-8209-094372DF7DFE}.Release|Any CPU.ActiveCfg = Release|Any CPU
		{F645AFF7-5BC7-4FE5-8209-094372DF7DFE}.Release|Any CPU.Build.0 = Release|Any CPU
		{A5B19846-BD0A-4A81-A51E-008152DD7063}.Debug|Any CPU.ActiveCfg = Debug|Any CPU
		{A5B19846-BD0A-4A81-A51E-008152DD7063}.Debug|Any CPU.Build.0 = Debug|Any CPU
		{A5B19846-BD0A-4A81-A51E-008152DD7063}.Release|Any CPU.ActiveCfg = Release|Any CPU
		{A5B19846-BD0A-4A81-A51E-008152DD7063}.Release|Any CPU.Build.0 = Release|Any CPU
		{EA89872C-1D62-40FA-A971-C0DF8D76C5B0}.Debug|Any CPU.ActiveCfg = Debug|Any CPU
		{EA89872C-1D62-40FA-A971-C0DF8D76C5B0}.Debug|Any CPU.Build.0 = Debug|Any CPU
		{EA89872C-1D62-40FA-A971-C0DF8D76C5B0}.Release|Any CPU.ActiveCfg = Release|Any CPU
		{EA89872C-1D62-40FA-A971-C0DF8D76C5B0}.Release|Any CPU.Build.0 = Release|Any CPU
		{218A0CB2-ED56-409C-BA06-DC001BF8149C}.Debug|Any CPU.ActiveCfg = Debug|Any CPU
		{218A0CB2-ED56-409C-BA06-DC001BF8149C}.Debug|Any CPU.Build.0 = Debug|Any CPU
		{218A0CB2-ED56-409C-BA06-DC001BF8149C}.Release|Any CPU.ActiveCfg = Release|Any CPU
		{218A0CB2-ED56-409C-BA06-DC001BF8149C}.Release|Any CPU.Build.0 = Release|Any CPU
		{E13F930C-E6FA-45F4-9332-369A9DFF45A7}.Debug|Any CPU.ActiveCfg = Debug|Any CPU
		{E13F930C-E6FA-45F4-9332-369A9DFF45A7}.Debug|Any CPU.Build.0 = Debug|Any CPU
		{E13F930C-E6FA-45F4-9332-369A9DFF45A7}.Release|Any CPU.ActiveCfg = Release|Any CPU
		{E13F930C-E6FA-45F4-9332-369A9DFF45A7}.Release|Any CPU.Build.0 = Release|Any CPU
		{8DDBB9E2-9191-4524-9715-0A799C75F9A8}.Debug|Any CPU.ActiveCfg = Debug|Any CPU
		{8DDBB9E2-9191-4524-9715-0A799C75F9A8}.Debug|Any CPU.Build.0 = Debug|Any CPU
		{8DDBB9E2-9191-4524-9715-0A799C75F9A8}.Release|Any CPU.ActiveCfg = Release|Any CPU
		{8DDBB9E2-9191-4524-9715-0A799C75F9A8}.Release|Any CPU.Build.0 = Release|Any CPU
	EndGlobalSection
	GlobalSection(SolutionProperties) = preSolution
		HideSolutionNode = FALSE
	EndGlobalSection
	GlobalSection(ExtensibilityGlobals) = postSolution
		SolutionGuid = {3799CE97-3BCE-4346-BFAB-99FD18742C99}
	EndGlobalSection
EndGlobal
